// !$*UTF8*$!
{
	archiveVersion = 1;
	classes = {
	};
	objectVersion = 60;
	objects = {

/* Begin PBXBuildFile section */
		846417EF2B0307EA0006BA14 /* MyFavPhotoApp.swift in Sources */ = {isa = PBXBuildFile; fileRef = 846417EE2B0307EA0006BA14 /* MyFavPhotoApp.swift */; };
		8464181E2B0325270006BA14 /* PhotoStore.swift in Sources */ = {isa = PBXBuildFile; fileRef = 8464181D2B0325270006BA14 /* PhotoStore.swift */; };
		846418232B0326BF0006BA14 /* PhotoNetwork.swift in Sources */ = {isa = PBXBuildFile; fileRef = 846418222B0326BF0006BA14 /* PhotoNetwork.swift */; };
		846418262B032A0E0006BA14 /* PhotoDetailView.swift in Sources */ = {isa = PBXBuildFile; fileRef = 846418252B032A0E0006BA14 /* PhotoDetailView.swift */; };
		846418292B032A790006BA14 /* PhotoDecoder.swift in Sources */ = {isa = PBXBuildFile; fileRef = 846418282B032A790006BA14 /* PhotoDecoder.swift */; };
		8464182C2B032ACA0006BA14 /* PhotoSearchView.swift in Sources */ = {isa = PBXBuildFile; fileRef = 8464182B2B032ACA0006BA14 /* PhotoSearchView.swift */; };
		8464182F2B04A46C0006BA14 /* PhotoMainView.swift in Sources */ = {isa = PBXBuildFile; fileRef = 8464182E2B04A46C0006BA14 /* PhotoMainView.swift */; };
		846418322B04A5220006BA14 /* PhotoFavView.swift in Sources */ = {isa = PBXBuildFile; fileRef = 846418312B04A5220006BA14 /* PhotoFavView.swift */; };
		846418352B04A8FC0006BA14 /* PhotoFavModel.swift in Sources */ = {isa = PBXBuildFile; fileRef = 846418342B04A8FC0006BA14 /* PhotoFavModel.swift */; };
		846418382B06F7D60006BA14 /* Config.plist in Resources */ = {isa = PBXBuildFile; fileRef = 846418372B06F7D60006BA14 /* Config.plist */; };
		8464183B2B0737840006BA14 /* PhotoNetworkingProtocol.swift in Sources */ = {isa = PBXBuildFile; fileRef = 8464183A2B0737840006BA14 /* PhotoNetworkingProtocol.swift */; };
		8470C9AE2B1A996D00722883 /* MyFavPhotoUITestsLaunchTests.swift in Sources */ = {isa = PBXBuildFile; fileRef = 8464180D2B0307EB0006BA14 /* MyFavPhotoUITestsLaunchTests.swift */; };
		8470C9B02B1A9E0F00722883 /* MyFavPhotoUITests.swift in Sources */ = {isa = PBXBuildFile; fileRef = 8464180B2B0307EB0006BA14 /* MyFavPhotoUITests.swift */; };
		84E9C73D2B0D664900B24C36 /* Preview Assets.xcassets in Resources */ = {isa = PBXBuildFile; fileRef = 846417F72B0307EB0006BA14 /* Preview Assets.xcassets */; };
		84E9C73F2B0D667900B24C36 /* Launch Screen.storyboard in Resources */ = {isa = PBXBuildFile; fileRef = 84E9C73E2B0D667900B24C36 /* Launch Screen.storyboard */; };
		84E9C75D2B0D6A8E00B24C36 /* Assets.xcassets in Resources */ = {isa = PBXBuildFile; fileRef = 84E9C75C2B0D6A8E00B24C36 /* Assets.xcassets */; };
		84E9C7A12B0D80D100B24C36 /* PhotoSettingsView.swift in Sources */ = {isa = PBXBuildFile; fileRef = 84E9C7A02B0D80D100B24C36 /* PhotoSettingsView.swift */; };
		84E9C7A52B0DA97500B24C36 /* ReadMeView.swift in Sources */ = {isa = PBXBuildFile; fileRef = 84E9C7A42B0DA97500B24C36 /* ReadMeView.swift */; };
		84E9C7A62B0DB1E700B24C36 /* MyFavPhotoTests.swift in Sources */ = {isa = PBXBuildFile; fileRef = 846418012B0307EB0006BA14 /* MyFavPhotoTests.swift */; };
		84E9C7AA2B0ED9C200B24C36 /* URLSessionProtocol.swift in Sources */ = {isa = PBXBuildFile; fileRef = 84E9C7A92B0ED9C200B24C36 /* URLSessionProtocol.swift */; };
/* End PBXBuildFile section */

/* Begin PBXContainerItemProxy section */
		846417FE2B0307EB0006BA14 /* PBXContainerItemProxy */ = {
			isa = PBXContainerItemProxy;
			containerPortal = 846417E32B0307EA0006BA14 /* Project object */;
			proxyType = 1;
			remoteGlobalIDString = 846417EA2B0307EA0006BA14;
			remoteInfo = MyFavPhoto;
		};
		846418082B0307EB0006BA14 /* PBXContainerItemProxy */ = {
			isa = PBXContainerItemProxy;
			containerPortal = 846417E32B0307EA0006BA14 /* Project object */;
			proxyType = 1;
			remoteGlobalIDString = 846417EA2B0307EA0006BA14;
			remoteInfo = MyFavPhoto;
		};
/* End PBXContainerItemProxy section */

/* Begin PBXFileReference section */
		841E96582B143B7300503655 /* TestPlan-coverage.xctestplan */ = {isa = PBXFileReference; lastKnownFileType = text; path = "TestPlan-coverage.xctestplan"; sourceTree = "<group>"; };
		846417EB2B0307EA0006BA14 /* MyFavPhoto.app */ = {isa = PBXFileReference; explicitFileType = wrapper.application; includeInIndex = 0; path = MyFavPhoto.app; sourceTree = BUILT_PRODUCTS_DIR; };
		846417EE2B0307EA0006BA14 /* MyFavPhotoApp.swift */ = {isa = PBXFileReference; lastKnownFileType = sourcecode.swift; path = MyFavPhotoApp.swift; sourceTree = "<group>"; };
		846417F72B0307EB0006BA14 /* Preview Assets.xcassets */ = {isa = PBXFileReference; lastKnownFileType = folder.assetcatalog; path = "Preview Assets.xcassets"; sourceTree = "<group>"; };
		846417FD2B0307EB0006BA14 /* MyFavPhotoTests.xctest */ = {isa = PBXFileReference; explicitFileType = wrapper.cfbundle; includeInIndex = 0; path = MyFavPhotoTests.xctest; sourceTree = BUILT_PRODUCTS_DIR; };
		846418012B0307EB0006BA14 /* MyFavPhotoTests.swift */ = {isa = PBXFileReference; lastKnownFileType = sourcecode.swift; path = MyFavPhotoTests.swift; sourceTree = "<group>"; };
		846418072B0307EB0006BA14 /* MyFavPhotoUITests.xctest */ = {isa = PBXFileReference; explicitFileType = wrapper.cfbundle; includeInIndex = 0; path = MyFavPhotoUITests.xctest; sourceTree = BUILT_PRODUCTS_DIR; };
		8464180B2B0307EB0006BA14 /* MyFavPhotoUITests.swift */ = {isa = PBXFileReference; lastKnownFileType = sourcecode.swift; path = MyFavPhotoUITests.swift; sourceTree = "<group>"; };
		8464180D2B0307EB0006BA14 /* MyFavPhotoUITestsLaunchTests.swift */ = {isa = PBXFileReference; lastKnownFileType = sourcecode.swift; path = MyFavPhotoUITestsLaunchTests.swift; sourceTree = "<group>"; };
		8464181B2B0322900006BA14 /* Test plan Overview.md */ = {isa = PBXFileReference; lastKnownFileType = net.daringfireball.markdown; path = "Test plan Overview.md"; sourceTree = "<group>"; };
		8464181D2B0325270006BA14 /* PhotoStore.swift */ = {isa = PBXFileReference; lastKnownFileType = sourcecode.swift; path = PhotoStore.swift; sourceTree = "<group>"; };
		846418222B0326BF0006BA14 /* PhotoNetwork.swift */ = {isa = PBXFileReference; lastKnownFileType = sourcecode.swift; path = PhotoNetwork.swift; sourceTree = "<group>"; };
		846418252B032A0E0006BA14 /* PhotoDetailView.swift */ = {isa = PBXFileReference; lastKnownFileType = sourcecode.swift; path = PhotoDetailView.swift; sourceTree = "<group>"; };
		846418282B032A790006BA14 /* PhotoDecoder.swift */ = {isa = PBXFileReference; lastKnownFileType = sourcecode.swift; path = PhotoDecoder.swift; sourceTree = "<group>"; };
		8464182B2B032ACA0006BA14 /* PhotoSearchView.swift */ = {isa = PBXFileReference; lastKnownFileType = sourcecode.swift; path = PhotoSearchView.swift; sourceTree = "<group>"; };
		8464182E2B04A46C0006BA14 /* PhotoMainView.swift */ = {isa = PBXFileReference; lastKnownFileType = sourcecode.swift; path = PhotoMainView.swift; sourceTree = "<group>"; };
		846418312B04A5220006BA14 /* PhotoFavView.swift */ = {isa = PBXFileReference; lastKnownFileType = sourcecode.swift; path = PhotoFavView.swift; sourceTree = "<group>"; };
		846418342B04A8FC0006BA14 /* PhotoFavModel.swift */ = {isa = PBXFileReference; lastKnownFileType = sourcecode.swift; path = PhotoFavModel.swift; sourceTree = "<group>"; };
		846418372B06F7D60006BA14 /* Config.plist */ = {isa = PBXFileReference; lastKnownFileType = text.plist.xml; path = Config.plist; sourceTree = "<group>"; };
		8464183A2B0737840006BA14 /* PhotoNetworkingProtocol.swift */ = {isa = PBXFileReference; lastKnownFileType = sourcecode.swift; path = PhotoNetworkingProtocol.swift; sourceTree = "<group>"; };
		84E9C73E2B0D667900B24C36 /* Launch Screen.storyboard */ = {isa = PBXFileReference; lastKnownFileType = file.storyboard; path = "Launch Screen.storyboard"; sourceTree = "<group>"; };
		84E9C75C2B0D6A8E00B24C36 /* Assets.xcassets */ = {isa = PBXFileReference; lastKnownFileType = folder.assetcatalog; path = Assets.xcassets; sourceTree = "<group>"; };
		84E9C7A02B0D80D100B24C36 /* PhotoSettingsView.swift */ = {isa = PBXFileReference; lastKnownFileType = sourcecode.swift; path = PhotoSettingsView.swift; sourceTree = "<group>"; };
		84E9C7A42B0DA97500B24C36 /* ReadMeView.swift */ = {isa = PBXFileReference; lastKnownFileType = sourcecode.swift; path = ReadMeView.swift; sourceTree = "<group>"; };
		84E9C7A92B0ED9C200B24C36 /* URLSessionProtocol.swift */ = {isa = PBXFileReference; lastKnownFileType = sourcecode.swift; path = URLSessionProtocol.swift; sourceTree = "<group>"; };
/* End PBXFileReference section */

/* Begin PBXFrameworksBuildPhase section */
		846417E82B0307EA0006BA14 /* Frameworks */ = {
			isa = PBXFrameworksBuildPhase;
			buildActionMask = 2147483647;
			files = (
			);
			runOnlyForDeploymentPostprocessing = 0;
		};
		846417FA2B0307EB0006BA14 /* Frameworks */ = {
			isa = PBXFrameworksBuildPhase;
			buildActionMask = 2147483647;
			files = (
			);
			runOnlyForDeploymentPostprocessing = 0;
		};
		846418042B0307EB0006BA14 /* Frameworks */ = {
			isa = PBXFrameworksBuildPhase;
			buildActionMask = 2147483647;
			files = (
			);
			runOnlyForDeploymentPostprocessing = 0;
		};
/* End PBXFrameworksBuildPhase section */

/* Begin PBXGroup section */
		846417E22B0307EA0006BA14 = {
			isa = PBXGroup;
			children = (
				846417ED2B0307EA0006BA14 /* MyFavPhoto */,
				846418002B0307EB0006BA14 /* MyFavPhotoTests */,
				8464180A2B0307EB0006BA14 /* MyFavPhotoUITests */,
				846417EC2B0307EA0006BA14 /* Products */,
			);
			sourceTree = "<group>";
		};
		846417EC2B0307EA0006BA14 /* Products */ = {
			isa = PBXGroup;
			children = (
				846417EB2B0307EA0006BA14 /* MyFavPhoto.app */,
				846417FD2B0307EB0006BA14 /* MyFavPhotoTests.xctest */,
				846418072B0307EB0006BA14 /* MyFavPhotoUITests.xctest */,
			);
			name = Products;
			sourceTree = "<group>";
		};
		846417ED2B0307EA0006BA14 /* MyFavPhoto */ = {
			isa = PBXGroup;
			children = (
				846418212B0326810006BA14 /* Views */,
				846418202B0326740006BA14 /* Models */,
				8464181C2B03242A0006BA14 /* Data Stores */,
				846417EE2B0307EA0006BA14 /* MyFavPhotoApp.swift */,
				84E9C75C2B0D6A8E00B24C36 /* Assets.xcassets */,
				846417F62B0307EB0006BA14 /* Preview Content */,
				84E9C73E2B0D667900B24C36 /* Launch Screen.storyboard */,
				8464181B2B0322900006BA14 /* Test plan Overview.md */,
				841E96582B143B7300503655 /* TestPlan-coverage.xctestplan */,
			);
			path = MyFavPhoto;
			sourceTree = "<group>";
		};
		846417F62B0307EB0006BA14 /* Preview Content */ = {
			isa = PBXGroup;
			children = (
				846417F72B0307EB0006BA14 /* Preview Assets.xcassets */,
			);
			path = "Preview Content";
			sourceTree = "<group>";
		};
		846418002B0307EB0006BA14 /* MyFavPhotoTests */ = {
			isa = PBXGroup;
			children = (
				846418012B0307EB0006BA14 /* MyFavPhotoTests.swift */,
			);
			path = MyFavPhotoTests;
			sourceTree = "<group>";
		};
		8464180A2B0307EB0006BA14 /* MyFavPhotoUITests */ = {
			isa = PBXGroup;
			children = (
				8464180B2B0307EB0006BA14 /* MyFavPhotoUITests.swift */,
				8464180D2B0307EB0006BA14 /* MyFavPhotoUITestsLaunchTests.swift */,
			);
			path = MyFavPhotoUITests;
			sourceTree = "<group>";
		};
		8464181C2B03242A0006BA14 /* Data Stores */ = {
			isa = PBXGroup;
			children = (
				8464181D2B0325270006BA14 /* PhotoStore.swift */,
				846418372B06F7D60006BA14 /* Config.plist */,
			);
			path = "Data Stores";
			sourceTree = "<group>";
		};
		846418202B0326740006BA14 /* Models */ = {
			isa = PBXGroup;
			children = (
				846418282B032A790006BA14 /* PhotoDecoder.swift */,
				8464183A2B0737840006BA14 /* PhotoNetworkingProtocol.swift */,
				846418222B0326BF0006BA14 /* PhotoNetwork.swift */,
				846418342B04A8FC0006BA14 /* PhotoFavModel.swift */,
				84E9C7A92B0ED9C200B24C36 /* URLSessionProtocol.swift */,
			);
			path = Models;
			sourceTree = "<group>";
		};
		846418212B0326810006BA14 /* Views */ = {
			isa = PBXGroup;
			children = (
				846418252B032A0E0006BA14 /* PhotoDetailView.swift */,
				8464182B2B032ACA0006BA14 /* PhotoSearchView.swift */,
				8464182E2B04A46C0006BA14 /* PhotoMainView.swift */,
				846418312B04A5220006BA14 /* PhotoFavView.swift */,
				84E9C7A02B0D80D100B24C36 /* PhotoSettingsView.swift */,
				84E9C7A42B0DA97500B24C36 /* ReadMeView.swift */,
			);
			path = Views;
			sourceTree = "<group>";
		};
/* End PBXGroup section */

/* Begin PBXNativeTarget section */
		846417EA2B0307EA0006BA14 /* MyFavPhoto */ = {
			isa = PBXNativeTarget;
			buildConfigurationList = 846418112B0307EB0006BA14 /* Build configuration list for PBXNativeTarget "MyFavPhoto" */;
			buildPhases = (
				8464181A2B0308EA0006BA14 /* ShellScript */,
				846417E72B0307EA0006BA14 /* Sources */,
				846417E82B0307EA0006BA14 /* Frameworks */,
				846417E92B0307EA0006BA14 /* Resources */,
			);
			buildRules = (
			);
			dependencies = (
			);
			name = MyFavPhoto;
			productName = MyFavPhoto;
			productReference = 846417EB2B0307EA0006BA14 /* MyFavPhoto.app */;
			productType = "com.apple.product-type.application";
		};
		846417FC2B0307EB0006BA14 /* MyFavPhotoTests */ = {
			isa = PBXNativeTarget;
			buildConfigurationList = 846418142B0307EB0006BA14 /* Build configuration list for PBXNativeTarget "MyFavPhotoTests" */;
			buildPhases = (
				846417F92B0307EB0006BA14 /* Sources */,
				846417FA2B0307EB0006BA14 /* Frameworks */,
				846417FB2B0307EB0006BA14 /* Resources */,
			);
			buildRules = (
			);
			dependencies = (
				846417FF2B0307EB0006BA14 /* PBXTargetDependency */,
			);
			name = MyFavPhotoTests;
			productName = MyFavPhotoTests;
			productReference = 846417FD2B0307EB0006BA14 /* MyFavPhotoTests.xctest */;
			productType = "com.apple.product-type.bundle.unit-test";
		};
		846418062B0307EB0006BA14 /* MyFavPhotoUITests */ = {
			isa = PBXNativeTarget;
			buildConfigurationList = 846418172B0307EB0006BA14 /* Build configuration list for PBXNativeTarget "MyFavPhotoUITests" */;
			buildPhases = (
				846418032B0307EB0006BA14 /* Sources */,
				846418042B0307EB0006BA14 /* Frameworks */,
				846418052B0307EB0006BA14 /* Resources */,
			);
			buildRules = (
			);
			dependencies = (
				846418092B0307EB0006BA14 /* PBXTargetDependency */,
			);
			name = MyFavPhotoUITests;
			productName = MyFavPhotoUITests;
			productReference = 846418072B0307EB0006BA14 /* MyFavPhotoUITests.xctest */;
			productType = "com.apple.product-type.bundle.ui-testing";
		};
/* End PBXNativeTarget section */

/* Begin PBXProject section */
		846417E32B0307EA0006BA14 /* Project object */ = {
			isa = PBXProject;
			attributes = {
				BuildIndependentTargetsInParallel = 1;
				LastSwiftUpdateCheck = 1500;
				LastUpgradeCheck = 1500;
				TargetAttributes = {
					846417EA2B0307EA0006BA14 = {
						CreatedOnToolsVersion = 15.0.1;
					};
					846417FC2B0307EB0006BA14 = {
						CreatedOnToolsVersion = 15.0.1;
						TestTargetID = 846417EA2B0307EA0006BA14;
					};
					846418062B0307EB0006BA14 = {
						CreatedOnToolsVersion = 15.0.1;
						TestTargetID = 846417EA2B0307EA0006BA14;
					};
				};
			};
			buildConfigurationList = 846417E62B0307EA0006BA14 /* Build configuration list for PBXProject "MyFavPhoto" */;
			compatibilityVersion = "Xcode 15.0";
			developmentRegion = en;
			hasScannedForEncodings = 0;
			knownRegions = (
				en,
				Base,
			);
			mainGroup = 846417E22B0307EA0006BA14;
			productRefGroup = 846417EC2B0307EA0006BA14 /* Products */;
			projectDirPath = "";
			projectRoot = "";
			targets = (
				846417EA2B0307EA0006BA14 /* MyFavPhoto */,
				846417FC2B0307EB0006BA14 /* MyFavPhotoTests */,
				846418062B0307EB0006BA14 /* MyFavPhotoUITests */,
			);
		};
/* End PBXProject section */

/* Begin PBXResourcesBuildPhase section */
		846417E92B0307EA0006BA14 /* Resources */ = {
			isa = PBXResourcesBuildPhase;
			buildActionMask = 2147483647;
			files = (
				84E9C73D2B0D664900B24C36 /* Preview Assets.xcassets in Resources */,
				84E9C73F2B0D667900B24C36 /* Launch Screen.storyboard in Resources */,
				84E9C75D2B0D6A8E00B24C36 /* Assets.xcassets in Resources */,
				846418382B06F7D60006BA14 /* Config.plist in Resources */,
			);
			runOnlyForDeploymentPostprocessing = 0;
		};
		846417FB2B0307EB0006BA14 /* Resources */ = {
			isa = PBXResourcesBuildPhase;
			buildActionMask = 2147483647;
			files = (
			);
			runOnlyForDeploymentPostprocessing = 0;
		};
		846418052B0307EB0006BA14 /* Resources */ = {
			isa = PBXResourcesBuildPhase;
			buildActionMask = 2147483647;
			files = (
			);
			runOnlyForDeploymentPostprocessing = 0;
		};
/* End PBXResourcesBuildPhase section */

/* Begin PBXShellScriptBuildPhase section */
		8464181A2B0308EA0006BA14 /* ShellScript */ = {
			isa = PBXShellScriptBuildPhase;
			alwaysOutOfDate = 1;
			buildActionMask = 2147483647;
			files = (
			);
			inputFileListPaths = (
			);
			inputPaths = (
			);
			outputFileListPaths = (
			);
			outputPaths = (
			);
			runOnlyForDeploymentPostprocessing = 0;
			shellPath = /bin/sh;
			shellScript = "# Type a script or drag a script file from your workspace to insert its path.\nPATH=/opt/homebrew/bin:$PATH\nif [ -f ~/com.raywenderlich.swiftlint.yml ]; then\n  if which swiftlint >/dev/null; then\n    swiftlint --no-cache --config ~/com.raywenderlich.swiftlint.yml\n  fi\nfi\n\n";
		};
/* End PBXShellScriptBuildPhase section */

/* Begin PBXSourcesBuildPhase section */
		846417E72B0307EA0006BA14 /* Sources */ = {
			isa = PBXSourcesBuildPhase;
			buildActionMask = 2147483647;
			files = (
				846418292B032A790006BA14 /* PhotoDecoder.swift in Sources */,
				84E9C7A52B0DA97500B24C36 /* ReadMeView.swift in Sources */,
				846418232B0326BF0006BA14 /* PhotoNetwork.swift in Sources */,
				84E9C7A12B0D80D100B24C36 /* PhotoSettingsView.swift in Sources */,
				8464182F2B04A46C0006BA14 /* PhotoMainView.swift in Sources */,
				8464183B2B0737840006BA14 /* PhotoNetworkingProtocol.swift in Sources */,
				8464182C2B032ACA0006BA14 /* PhotoSearchView.swift in Sources */,
				846418322B04A5220006BA14 /* PhotoFavView.swift in Sources */,
				846418262B032A0E0006BA14 /* PhotoDetailView.swift in Sources */,
				8464181E2B0325270006BA14 /* PhotoStore.swift in Sources */,
				84E9C7AA2B0ED9C200B24C36 /* URLSessionProtocol.swift in Sources */,
				846417EF2B0307EA0006BA14 /* MyFavPhotoApp.swift in Sources */,
				846418352B04A8FC0006BA14 /* PhotoFavModel.swift in Sources */,
			);
			runOnlyForDeploymentPostprocessing = 0;
		};
		846417F92B0307EB0006BA14 /* Sources */ = {
			isa = PBXSourcesBuildPhase;
			buildActionMask = 2147483647;
			files = (
				84E9C7A62B0DB1E700B24C36 /* MyFavPhotoTests.swift in Sources */,
			);
			runOnlyForDeploymentPostprocessing = 0;
		};
		846418032B0307EB0006BA14 /* Sources */ = {
			isa = PBXSourcesBuildPhase;
			buildActionMask = 2147483647;
			files = (
				8470C9B02B1A9E0F00722883 /* MyFavPhotoUITests.swift in Sources */,
				8470C9AE2B1A996D00722883 /* MyFavPhotoUITestsLaunchTests.swift in Sources */,
			);
			runOnlyForDeploymentPostprocessing = 0;
		};
/* End PBXSourcesBuildPhase section */

/* Begin PBXTargetDependency section */
		846417FF2B0307EB0006BA14 /* PBXTargetDependency */ = {
			isa = PBXTargetDependency;
			target = 846417EA2B0307EA0006BA14 /* MyFavPhoto */;
			targetProxy = 846417FE2B0307EB0006BA14 /* PBXContainerItemProxy */;
		};
		846418092B0307EB0006BA14 /* PBXTargetDependency */ = {
			isa = PBXTargetDependency;
			target = 846417EA2B0307EA0006BA14 /* MyFavPhoto */;
			targetProxy = 846418082B0307EB0006BA14 /* PBXContainerItemProxy */;
		};
/* End PBXTargetDependency section */

/* Begin XCBuildConfiguration section */
		8464180F2B0307EB0006BA14 /* Debug */ = {
			isa = XCBuildConfiguration;
			buildSettings = {
				ALWAYS_SEARCH_USER_PATHS = NO;
				ASSETCATALOG_COMPILER_GENERATE_SWIFT_ASSET_SYMBOL_EXTENSIONS = YES;
				CLANG_ANALYZER_NONNULL = YES;
				CLANG_ANALYZER_NUMBER_OBJECT_CONVERSION = YES_AGGRESSIVE;
				CLANG_CXX_LANGUAGE_STANDARD = "gnu++20";
				CLANG_ENABLE_MODULES = YES;
				CLANG_ENABLE_OBJC_ARC = YES;
				CLANG_ENABLE_OBJC_WEAK = YES;
				CLANG_WARN_BLOCK_CAPTURE_AUTORELEASING = YES;
				CLANG_WARN_BOOL_CONVERSION = YES;
				CLANG_WARN_COMMA = YES;
				CLANG_WARN_CONSTANT_CONVERSION = YES;
				CLANG_WARN_DEPRECATED_OBJC_IMPLEMENTATIONS = YES;
				CLANG_WARN_DIRECT_OBJC_ISA_USAGE = YES_ERROR;
				CLANG_WARN_DOCUMENTATION_COMMENTS = YES;
				CLANG_WARN_EMPTY_BODY = YES;
				CLANG_WARN_ENUM_CONVERSION = YES;
				CLANG_WARN_INFINITE_RECURSION = YES;
				CLANG_WARN_INT_CONVERSION = YES;
				CLANG_WARN_NON_LITERAL_NULL_CONVERSION = YES;
				CLANG_WARN_OBJC_IMPLICIT_RETAIN_SELF = YES;
				CLANG_WARN_OBJC_LITERAL_CONVERSION = YES;
				CLANG_WARN_OBJC_ROOT_CLASS = YES_ERROR;
				CLANG_WARN_QUOTED_INCLUDE_IN_FRAMEWORK_HEADER = YES;
				CLANG_WARN_RANGE_LOOP_ANALYSIS = YES;
				CLANG_WARN_STRICT_PROTOTYPES = YES;
				CLANG_WARN_SUSPICIOUS_MOVE = YES;
				CLANG_WARN_UNGUARDED_AVAILABILITY = YES_AGGRESSIVE;
				CLANG_WARN_UNREACHABLE_CODE = YES;
				CLANG_WARN__DUPLICATE_METHOD_MATCH = YES;
				COPY_PHASE_STRIP = NO;
				DEBUG_INFORMATION_FORMAT = dwarf;
				ENABLE_STRICT_OBJC_MSGSEND = YES;
				ENABLE_TESTABILITY = YES;
				ENABLE_USER_SCRIPT_SANDBOXING = YES;
				GCC_C_LANGUAGE_STANDARD = gnu17;
				GCC_DYNAMIC_NO_PIC = NO;
				GCC_NO_COMMON_BLOCKS = YES;
				GCC_OPTIMIZATION_LEVEL = 0;
				GCC_PREPROCESSOR_DEFINITIONS = (
					"DEBUG=1",
					"$(inherited)",
				);
				GCC_WARN_64_TO_32_BIT_CONVERSION = YES;
				GCC_WARN_ABOUT_RETURN_TYPE = YES_ERROR;
				GCC_WARN_UNDECLARED_SELECTOR = YES;
				GCC_WARN_UNINITIALIZED_AUTOS = YES_AGGRESSIVE;
				GCC_WARN_UNUSED_FUNCTION = YES;
				GCC_WARN_UNUSED_VARIABLE = YES;
				IPHONEOS_DEPLOYMENT_TARGET = 16.1;
				LOCALIZATION_PREFERS_STRING_CATALOGS = YES;
				MTL_ENABLE_DEBUG_INFO = INCLUDE_SOURCE;
				MTL_FAST_MATH = YES;
				ONLY_ACTIVE_ARCH = YES;
				SDKROOT = iphoneos;
				SWIFT_ACTIVE_COMPILATION_CONDITIONS = "DEBUG $(inherited)";
				SWIFT_OPTIMIZATION_LEVEL = "-Onone";
			};
			name = Debug;
		};
		846418102B0307EB0006BA14 /* Release */ = {
			isa = XCBuildConfiguration;
			buildSettings = {
				ALWAYS_SEARCH_USER_PATHS = NO;
				ASSETCATALOG_COMPILER_GENERATE_SWIFT_ASSET_SYMBOL_EXTENSIONS = YES;
				CLANG_ANALYZER_NONNULL = YES;
				CLANG_ANALYZER_NUMBER_OBJECT_CONVERSION = YES_AGGRESSIVE;
				CLANG_CXX_LANGUAGE_STANDARD = "gnu++20";
				CLANG_ENABLE_MODULES = YES;
				CLANG_ENABLE_OBJC_ARC = YES;
				CLANG_ENABLE_OBJC_WEAK = YES;
				CLANG_WARN_BLOCK_CAPTURE_AUTORELEASING = YES;
				CLANG_WARN_BOOL_CONVERSION = YES;
				CLANG_WARN_COMMA = YES;
				CLANG_WARN_CONSTANT_CONVERSION = YES;
				CLANG_WARN_DEPRECATED_OBJC_IMPLEMENTATIONS = YES;
				CLANG_WARN_DIRECT_OBJC_ISA_USAGE = YES_ERROR;
				CLANG_WARN_DOCUMENTATION_COMMENTS = YES;
				CLANG_WARN_EMPTY_BODY = YES;
				CLANG_WARN_ENUM_CONVERSION = YES;
				CLANG_WARN_INFINITE_RECURSION = YES;
				CLANG_WARN_INT_CONVERSION = YES;
				CLANG_WARN_NON_LITERAL_NULL_CONVERSION = YES;
				CLANG_WARN_OBJC_IMPLICIT_RETAIN_SELF = YES;
				CLANG_WARN_OBJC_LITERAL_CONVERSION = YES;
				CLANG_WARN_OBJC_ROOT_CLASS = YES_ERROR;
				CLANG_WARN_QUOTED_INCLUDE_IN_FRAMEWORK_HEADER = YES;
				CLANG_WARN_RANGE_LOOP_ANALYSIS = YES;
				CLANG_WARN_STRICT_PROTOTYPES = YES;
				CLANG_WARN_SUSPICIOUS_MOVE = YES;
				CLANG_WARN_UNGUARDED_AVAILABILITY = YES_AGGRESSIVE;
				CLANG_WARN_UNREACHABLE_CODE = YES;
				CLANG_WARN__DUPLICATE_METHOD_MATCH = YES;
				COPY_PHASE_STRIP = NO;
				DEBUG_INFORMATION_FORMAT = "dwarf-with-dsym";
				ENABLE_NS_ASSERTIONS = NO;
				ENABLE_STRICT_OBJC_MSGSEND = YES;
				ENABLE_USER_SCRIPT_SANDBOXING = YES;
				GCC_C_LANGUAGE_STANDARD = gnu17;
				GCC_NO_COMMON_BLOCKS = YES;
				GCC_WARN_64_TO_32_BIT_CONVERSION = YES;
				GCC_WARN_ABOUT_RETURN_TYPE = YES_ERROR;
				GCC_WARN_UNDECLARED_SELECTOR = YES;
				GCC_WARN_UNINITIALIZED_AUTOS = YES_AGGRESSIVE;
				GCC_WARN_UNUSED_FUNCTION = YES;
				GCC_WARN_UNUSED_VARIABLE = YES;
				IPHONEOS_DEPLOYMENT_TARGET = 16.1;
				LOCALIZATION_PREFERS_STRING_CATALOGS = YES;
				MTL_ENABLE_DEBUG_INFO = NO;
				MTL_FAST_MATH = YES;
				SDKROOT = iphoneos;
				SWIFT_COMPILATION_MODE = wholemodule;
				VALIDATE_PRODUCT = YES;
			};
			name = Release;
		};
		846418122B0307EB0006BA14 /* Debug */ = {
			isa = XCBuildConfiguration;
			buildSettings = {
				ASSETCATALOG_COMPILER_APPICON_NAME = AppIcon;
				ASSETCATALOG_COMPILER_GLOBAL_ACCENT_COLOR_NAME = AccentColor;
				CODE_SIGN_STYLE = Automatic;
				CURRENT_PROJECT_VERSION = 1;
				DEVELOPMENT_ASSET_PATHS = "\"MyFavPhoto/Preview Content\"";
				DEVELOPMENT_TEAM = MN9S7VRA47;
				ENABLE_PREVIEWS = YES;
				GENERATE_INFOPLIST_FILE = YES;
				INFOPLIST_KEY_UIApplicationSceneManifest_Generation = YES;
				INFOPLIST_KEY_UIApplicationSupportsIndirectInputEvents = YES;
				INFOPLIST_KEY_UILaunchScreen_Generation = YES;
				INFOPLIST_KEY_UILaunchStoryboardName = "Launch Screen.storyboard";
				INFOPLIST_KEY_UISupportedInterfaceOrientations_iPad = "UIInterfaceOrientationPortrait UIInterfaceOrientationPortraitUpsideDown UIInterfaceOrientationLandscapeLeft UIInterfaceOrientationLandscapeRight";
				INFOPLIST_KEY_UISupportedInterfaceOrientations_iPhone = "UIInterfaceOrientationPortrait UIInterfaceOrientationLandscapeLeft UIInterfaceOrientationLandscapeRight";
				LD_RUNPATH_SEARCH_PATHS = (
					"$(inherited)",
					"@executable_path/Frameworks",
				);
				MARKETING_VERSION = 1.0;
				PRODUCT_BUNDLE_IDENTIFIER = ca.tactec.MyFavPhoto;
				PRODUCT_NAME = "$(TARGET_NAME)";
				SWIFT_EMIT_LOC_STRINGS = YES;
				SWIFT_VERSION = 5.0;
				TARGETED_DEVICE_FAMILY = "1,2";
			};
			name = Debug;
		};
		846418132B0307EB0006BA14 /* Release */ = {
			isa = XCBuildConfiguration;
			buildSettings = {
				ASSETCATALOG_COMPILER_APPICON_NAME = AppIcon;
				ASSETCATALOG_COMPILER_GLOBAL_ACCENT_COLOR_NAME = AccentColor;
				CODE_SIGN_STYLE = Automatic;
				CURRENT_PROJECT_VERSION = 1;
				DEVELOPMENT_ASSET_PATHS = "\"MyFavPhoto/Preview Content\"";
				DEVELOPMENT_TEAM = MN9S7VRA47;
				ENABLE_PREVIEWS = YES;
				GENERATE_INFOPLIST_FILE = YES;
				INFOPLIST_KEY_UIApplicationSceneManifest_Generation = YES;
				INFOPLIST_KEY_UIApplicationSupportsIndirectInputEvents = YES;
				INFOPLIST_KEY_UILaunchScreen_Generation = YES;
				INFOPLIST_KEY_UILaunchStoryboardName = "Launch Screen.storyboard";
				INFOPLIST_KEY_UISupportedInterfaceOrientations_iPad = "UIInterfaceOrientationPortrait UIInterfaceOrientationPortraitUpsideDown UIInterfaceOrientationLandscapeLeft UIInterfaceOrientationLandscapeRight";
				INFOPLIST_KEY_UISupportedInterfaceOrientations_iPhone = "UIInterfaceOrientationPortrait UIInterfaceOrientationLandscapeLeft UIInterfaceOrientationLandscapeRight";
				LD_RUNPATH_SEARCH_PATHS = (
					"$(inherited)",
					"@executable_path/Frameworks",
				);
				MARKETING_VERSION = 1.0;
				PRODUCT_BUNDLE_IDENTIFIER = ca.tactec.MyFavPhoto;
				PRODUCT_NAME = "$(TARGET_NAME)";
				SWIFT_EMIT_LOC_STRINGS = YES;
				SWIFT_VERSION = 5.0;
				TARGETED_DEVICE_FAMILY = "1,2";
			};
			name = Release;
		};
		846418152B0307EB0006BA14 /* Debug */ = {
			isa = XCBuildConfiguration;
			buildSettings = {
				ALWAYS_EMBED_SWIFT_STANDARD_LIBRARIES = YES;
				BUNDLE_LOADER = "$(TEST_HOST)";
				CODE_SIGN_STYLE = Automatic;
				CURRENT_PROJECT_VERSION = 1;
				DEVELOPMENT_TEAM = MN9S7VRA47;
				GENERATE_INFOPLIST_FILE = YES;
				IPHONEOS_DEPLOYMENT_TARGET = 17.0;
				MARKETING_VERSION = 1.0;
				PRODUCT_BUNDLE_IDENTIFIER = ca.tactec.MyFavPhotoTests;
				PRODUCT_NAME = "$(TARGET_NAME)";
				SWIFT_EMIT_LOC_STRINGS = NO;
				SWIFT_VERSION = 5.0;
				TARGETED_DEVICE_FAMILY = "1,2";
				TEST_HOST = "$(BUILT_PRODUCTS_DIR)/MyFavPhoto.app/$(BUNDLE_EXECUTABLE_FOLDER_PATH)/MyFavPhoto";
			};
			name = Debug;
		};
		846418162B0307EB0006BA14 /* Release */ = {
			isa = XCBuildConfiguration;
			buildSettings = {
				ALWAYS_EMBED_SWIFT_STANDARD_LIBRARIES = YES;
				BUNDLE_LOADER = "$(TEST_HOST)";
				CODE_SIGN_STYLE = Automatic;
				CURRENT_PROJECT_VERSION = 1;
				DEVELOPMENT_TEAM = MN9S7VRA47;
				GENERATE_INFOPLIST_FILE = YES;
				IPHONEOS_DEPLOYMENT_TARGET = 17.0;
				MARKETING_VERSION = 1.0;
				PRODUCT_BUNDLE_IDENTIFIER = ca.tactec.MyFavPhotoTests;
				PRODUCT_NAME = "$(TARGET_NAME)";
				SWIFT_EMIT_LOC_STRINGS = NO;
				SWIFT_VERSION = 5.0;
				TARGETED_DEVICE_FAMILY = "1,2";
				TEST_HOST = "$(BUILT_PRODUCTS_DIR)/MyFavPhoto.app/$(BUNDLE_EXECUTABLE_FOLDER_PATH)/MyFavPhoto";
			};
			name = Release;
		};
		846418182B0307EB0006BA14 /* Debug */ = {
			isa = XCBuildConfiguration;
			buildSettings = {
				ALWAYS_EMBED_SWIFT_STANDARD_LIBRARIES = YES;
				CODE_SIGN_STYLE = Automatic;
				CURRENT_PROJECT_VERSION = 1;
				DEVELOPMENT_TEAM = MN9S7VRA47;
				GENERATE_INFOPLIST_FILE = YES;
				MARKETING_VERSION = 1.0;
				PRODUCT_BUNDLE_IDENTIFIER = ca.tactec.MyFavPhotoUITests;
				PRODUCT_NAME = "$(TARGET_NAME)";
				PROVISIONING_PROFILE = "";
				SUPPORTED_PLATFORMS = "iphoneos iphonesimulator";
				SUPPORTS_MACCATALYST = NO;
				SUPPORTS_MAC_DESIGNED_FOR_IPHONE_IPAD = NO;
				SWIFT_EMIT_LOC_STRINGS = NO;
				SWIFT_VERSION = 5.0;
				TARGETED_DEVICE_FAMILY = 1;
				TEST_TARGET_NAME = MyFavPhoto;
			};
			name = Debug;
		};
		846418192B0307EB0006BA14 /* Release */ = {
			isa = XCBuildConfiguration;
			buildSettings = {
				ALWAYS_EMBED_SWIFT_STANDARD_LIBRARIES = YES;
				CODE_SIGN_STYLE = Automatic;
				CURRENT_PROJECT_VERSION = 1;
				DEVELOPMENT_TEAM = MN9S7VRA47;
				GENERATE_INFOPLIST_FILE = YES;
				MARKETING_VERSION = 1.0;
				PRODUCT_BUNDLE_IDENTIFIER = ca.tactec.MyFavPhotoUITests;
				PRODUCT_NAME = "$(TARGET_NAME)";
				PROVISIONING_PROFILE = "";
				SUPPORTED_PLATFORMS = "iphoneos iphonesimulator";
				SUPPORTS_MACCATALYST = NO;
				SUPPORTS_MAC_DESIGNED_FOR_IPHONE_IPAD = NO;
				SWIFT_EMIT_LOC_STRINGS = NO;
				SWIFT_VERSION = 5.0;
				TARGETED_DEVICE_FAMILY = 1;
				TEST_TARGET_NAME = MyFavPhoto;
			};
			name = Release;
		};
/* End XCBuildConfiguration section */

/* Begin XCConfigurationList section */
		846417E62B0307EA0006BA14 /* Build configuration list for PBXProject "MyFavPhoto" */ = {
			isa = XCConfigurationList;
			buildConfigurations = (
				8464180F2B0307EB0006BA14 /* Debug */,
				846418102B0307EB0006BA14 /* Release */,
			);
			defaultConfigurationIsVisible = 0;
			defaultConfigurationName = Release;
		};
		846418112B0307EB0006BA14 /* Build configuration list for PBXNativeTarget "MyFavPhoto" */ = {
			isa = XCConfigurationList;
			buildConfigurations = (
				846418122B0307EB0006BA14 /* Debug */,
				846418132B0307EB0006BA14 /* Release */,
			);
			defaultConfigurationIsVisible = 0;
			defaultConfigurationName = Release;
		};
		846418142B0307EB0006BA14 /* Build configuration list for PBXNativeTarget "MyFavPhotoTests" */ = {
			isa = XCConfigurationList;
			buildConfigurations = (
				846418152B0307EB0006BA14 /* Debug */,
				846418162B0307EB0006BA14 /* Release */,
			);
			defaultConfigurationIsVisible = 0;
			defaultConfigurationName = Release;
		};
		846418172B0307EB0006BA14 /* Build configuration list for PBXNativeTarget "MyFavPhotoUITests" */ = {
			isa = XCConfigurationList;
			buildConfigurations = (
				846418182B0307EB0006BA14 /* Debug */,
				846418192B0307EB0006BA14 /* Release */,
			);
			defaultConfigurationIsVisible = 0;
			defaultConfigurationName = Release;
		};
/* End XCConfigurationList section */
	};
	rootObject = 846417E32B0307EA0006BA14 /* Project object */;
}
