// !$*UTF8*$!
{
	archiveVersion = 1;
	classes = {
	};
	objectVersion = 56;
	objects = {

/* Begin PBXBuildFile section */
		843477082AFEEB06003BFE77 /* MyStuffApp.swift in Sources */ = {isa = PBXBuildFile; fileRef = 843477072AFEEB06003BFE77 /* MyStuffApp.swift */; };
		8434770A2AFEEB06003BFE77 /* ContentView.swift in Sources */ = {isa = PBXBuildFile; fileRef = 843477092AFEEB06003BFE77 /* ContentView.swift */; };
		8434770C2AFEEB06003BFE77 /* Item.swift in Sources */ = {isa = PBXBuildFile; fileRef = 8434770B2AFEEB06003BFE77 /* Item.swift */; };
		8434770E2AFEEB07003BFE77 /* Assets.xcassets in Resources */ = {isa = PBXBuildFile; fileRef = 8434770D2AFEEB07003BFE77 /* Assets.xcassets */; };
		843477112AFEEB07003BFE77 /* Preview Assets.xcassets in Resources */ = {isa = PBXBuildFile; fileRef = 843477102AFEEB07003BFE77 /* Preview Assets.xcassets */; };
		8434771B2AFEEB07003BFE77 /* MyStuffTests.swift in Sources */ = {isa = PBXBuildFile; fileRef = 8434771A2AFEEB07003BFE77 /* MyStuffTests.swift */; };
		843477252AFEEB07003BFE77 /* MyStuffUITests.swift in Sources */ = {isa = PBXBuildFile; fileRef = 843477242AFEEB07003BFE77 /* MyStuffUITests.swift */; };
		843477272AFEEB07003BFE77 /* MyStuffUITestsLaunchTests.swift in Sources */ = {isa = PBXBuildFile; fileRef = 843477262AFEEB07003BFE77 /* MyStuffUITestsLaunchTests.swift */; };
/* End PBXBuildFile section */

/* Begin PBXContainerItemProxy section */
		843477172AFEEB07003BFE77 /* PBXContainerItemProxy */ = {
			isa = PBXContainerItemProxy;
			containerPortal = 843476FC2AFEEB06003BFE77 /* Project object */;
			proxyType = 1;
			remoteGlobalIDString = 843477032AFEEB06003BFE77;
			remoteInfo = MyStuff;
		};
		843477212AFEEB07003BFE77 /* PBXContainerItemProxy */ = {
			isa = PBXContainerItemProxy;
			containerPortal = 843476FC2AFEEB06003BFE77 /* Project object */;
			proxyType = 1;
			remoteGlobalIDString = 843477032AFEEB06003BFE77;
			remoteInfo = MyStuff;
		};
/* End PBXContainerItemProxy section */

/* Begin PBXFileReference section */
		843477042AFEEB06003BFE77 /* MyStuff.app */ = {isa = PBXFileReference; explicitFileType = wrapper.application; includeInIndex = 0; path = MyStuff.app; sourceTree = BUILT_PRODUCTS_DIR; };
		843477072AFEEB06003BFE77 /* MyStuffApp.swift */ = {isa = PBXFileReference; lastKnownFileType = sourcecode.swift; path = MyStuffApp.swift; sourceTree = "<group>"; };
		843477092AFEEB06003BFE77 /* ContentView.swift */ = {isa = PBXFileReference; lastKnownFileType = sourcecode.swift; path = ContentView.swift; sourceTree = "<group>"; };
		8434770B2AFEEB06003BFE77 /* Item.swift */ = {isa = PBXFileReference; lastKnownFileType = sourcecode.swift; path = Item.swift; sourceTree = "<group>"; };
		8434770D2AFEEB07003BFE77 /* Assets.xcassets */ = {isa = PBXFileReference; lastKnownFileType = folder.assetcatalog; path = Assets.xcassets; sourceTree = "<group>"; };
		843477102AFEEB07003BFE77 /* Preview Assets.xcassets */ = {isa = PBXFileReference; lastKnownFileType = folder.assetcatalog; path = "Preview Assets.xcassets"; sourceTree = "<group>"; };
		843477162AFEEB07003BFE77 /* MyStuffTests.xctest */ = {isa = PBXFileReference; explicitFileType = wrapper.cfbundle; includeInIndex = 0; path = MyStuffTests.xctest; sourceTree = BUILT_PRODUCTS_DIR; };
		8434771A2AFEEB07003BFE77 /* MyStuffTests.swift */ = {isa = PBXFileReference; lastKnownFileType = sourcecode.swift; path = MyStuffTests.swift; sourceTree = "<group>"; };
		843477202AFEEB07003BFE77 /* MyStuffUITests.xctest */ = {isa = PBXFileReference; explicitFileType = wrapper.cfbundle; includeInIndex = 0; path = MyStuffUITests.xctest; sourceTree = BUILT_PRODUCTS_DIR; };
		843477242AFEEB07003BFE77 /* MyStuffUITests.swift */ = {isa = PBXFileReference; lastKnownFileType = sourcecode.swift; path = MyStuffUITests.swift; sourceTree = "<group>"; };
		843477262AFEEB07003BFE77 /* MyStuffUITestsLaunchTests.swift */ = {isa = PBXFileReference; lastKnownFileType = sourcecode.swift; path = MyStuffUITestsLaunchTests.swift; sourceTree = "<group>"; };
		843477332AFEEC47003BFE77 /* TestPlan.xctestplan */ = {isa = PBXFileReference; lastKnownFileType = text; path = TestPlan.xctestplan; sourceTree = "<group>"; };
		843477372AFEF505003BFE77 /* Requirements.md */ = {isa = PBXFileReference; lastKnownFileType = net.daringfireball.markdown; path = Requirements.md; sourceTree = "<group>"; };
/* End PBXFileReference section */

/* Begin PBXFrameworksBuildPhase section */
		843477012AFEEB06003BFE77 /* Frameworks */ = {
			isa = PBXFrameworksBuildPhase;
			buildActionMask = 2147483647;
			files = (
			);
			runOnlyForDeploymentPostprocessing = 0;
		};
		843477132AFEEB07003BFE77 /* Frameworks */ = {
			isa = PBXFrameworksBuildPhase;
			buildActionMask = 2147483647;
			files = (
			);
			runOnlyForDeploymentPostprocessing = 0;
		};
		8434771D2AFEEB07003BFE77 /* Frameworks */ = {
			isa = PBXFrameworksBuildPhase;
			buildActionMask = 2147483647;
			files = (
			);
			runOnlyForDeploymentPostprocessing = 0;
		};
/* End PBXFrameworksBuildPhase section */

/* Begin PBXGroup section */
		843476FB2AFEEB06003BFE77 = {
			isa = PBXGroup;
			children = (
				843477062AFEEB06003BFE77 /* MyStuff */,
				843477192AFEEB07003BFE77 /* MyStuffTests */,
				843477232AFEEB07003BFE77 /* MyStuffUITests */,
				843477052AFEEB06003BFE77 /* Products */,
			);
			sourceTree = "<group>";
		};
		843477052AFEEB06003BFE77 /* Products */ = {
			isa = PBXGroup;
			children = (
				843477042AFEEB06003BFE77 /* MyStuff.app */,
				843477162AFEEB07003BFE77 /* MyStuffTests.xctest */,
				843477202AFEEB07003BFE77 /* MyStuffUITests.xctest */,
			);
			name = Products;
			sourceTree = "<group>";
		};
		843477062AFEEB06003BFE77 /* MyStuff */ = {
			isa = PBXGroup;
			children = (
				843477362AFEF0BD003BFE77 /* Models */,
				843477352AFEEC65003BFE77 /* Stores */,
				843477342AFEEC5C003BFE77 /* Views */,
				843477072AFEEB06003BFE77 /* MyStuffApp.swift */,
				8434770D2AFEEB07003BFE77 /* Assets.xcassets */,
				8434770F2AFEEB07003BFE77 /* Preview Content */,
			);
			path = MyStuff;
			sourceTree = "<group>";
		};
		8434770F2AFEEB07003BFE77 /* Preview Content */ = {
			isa = PBXGroup;
			children = (
				843477102AFEEB07003BFE77 /* Preview Assets.xcassets */,
			);
			path = "Preview Content";
			sourceTree = "<group>";
		};
		843477192AFEEB07003BFE77 /* MyStuffTests */ = {
			isa = PBXGroup;
			children = (
				843477332AFEEC47003BFE77 /* TestPlan.xctestplan */,
				8434771A2AFEEB07003BFE77 /* MyStuffTests.swift */,
				843477372AFEF505003BFE77 /* Requirements.md */,
			);
			path = MyStuffTests;
			sourceTree = "<group>";
		};
		843477232AFEEB07003BFE77 /* MyStuffUITests */ = {
			isa = PBXGroup;
			children = (
				843477242AFEEB07003BFE77 /* MyStuffUITests.swift */,
				843477262AFEEB07003BFE77 /* MyStuffUITestsLaunchTests.swift */,
			);
			path = MyStuffUITests;
			sourceTree = "<group>";
		};
		843477342AFEEC5C003BFE77 /* Views */ = {
			isa = PBXGroup;
			children = (
				843477092AFEEB06003BFE77 /* ContentView.swift */,
			);
			path = Views;
			sourceTree = "<group>";
		};
		843477352AFEEC65003BFE77 /* Stores */ = {
			isa = PBXGroup;
			children = (
				8434770B2AFEEB06003BFE77 /* Item.swift */,
			);
			path = Stores;
			sourceTree = "<group>";
		};
		843477362AFEF0BD003BFE77 /* Models */ = {
			isa = PBXGroup;
			children = (
			);
			path = Models;
			sourceTree = "<group>";
		};
/* End PBXGroup section */

/* Begin PBXNativeTarget section */
		843477032AFEEB06003BFE77 /* MyStuff */ = {
			isa = PBXNativeTarget;
			buildConfigurationList = 8434772A2AFEEB07003BFE77 /* Build configuration list for PBXNativeTarget "MyStuff" */;
			buildPhases = (
				843477002AFEEB06003BFE77 /* Sources */,
				843477012AFEEB06003BFE77 /* Frameworks */,
				843477022AFEEB06003BFE77 /* Resources */,
			);
			buildRules = (
			);
			dependencies = (
			);
			name = MyStuff;
			productName = MyStuff;
			productReference = 843477042AFEEB06003BFE77 /* MyStuff.app */;
			productType = "com.apple.product-type.application";
		};
		843477152AFEEB07003BFE77 /* MyStuffTests */ = {
			isa = PBXNativeTarget;
			buildConfigurationList = 8434772D2AFEEB07003BFE77 /* Build configuration list for PBXNativeTarget "MyStuffTests" */;
			buildPhases = (
				843477122AFEEB07003BFE77 /* Sources */,
				843477132AFEEB07003BFE77 /* Frameworks */,
				843477142AFEEB07003BFE77 /* Resources */,
			);
			buildRules = (
			);
			dependencies = (
				843477182AFEEB07003BFE77 /* PBXTargetDependency */,
			);
			name = MyStuffTests;
			productName = MyStuffTests;
			productReference = 843477162AFEEB07003BFE77 /* MyStuffTests.xctest */;
			productType = "com.apple.product-type.bundle.unit-test";
		};
		8434771F2AFEEB07003BFE77 /* MyStuffUITests */ = {
			isa = PBXNativeTarget;
			buildConfigurationList = 843477302AFEEB07003BFE77 /* Build configuration list for PBXNativeTarget "MyStuffUITests" */;
			buildPhases = (
				8434771C2AFEEB07003BFE77 /* Sources */,
				8434771D2AFEEB07003BFE77 /* Frameworks */,
				8434771E2AFEEB07003BFE77 /* Resources */,
			);
			buildRules = (
			);
			dependencies = (
				843477222AFEEB07003BFE77 /* PBXTargetDependency */,
			);
			name = MyStuffUITests;
			productName = MyStuffUITests;
			productReference = 843477202AFEEB07003BFE77 /* MyStuffUITests.xctest */;
			productType = "com.apple.product-type.bundle.ui-testing";
		};
/* End PBXNativeTarget section */

/* Begin PBXProject section */
		843476FC2AFEEB06003BFE77 /* Project object */ = {
			isa = PBXProject;
			attributes = {
				BuildIndependentTargetsInParallel = 1;
				LastSwiftUpdateCheck = 1500;
				LastUpgradeCheck = 1500;
				TargetAttributes = {
					843477032AFEEB06003BFE77 = {
						CreatedOnToolsVersion = 15.0.1;
					};
					843477152AFEEB07003BFE77 = {
						CreatedOnToolsVersion = 15.0.1;
						TestTargetID = 843477032AFEEB06003BFE77;
					};
					8434771F2AFEEB07003BFE77 = {
						CreatedOnToolsVersion = 15.0.1;
						TestTargetID = 843477032AFEEB06003BFE77;
					};
				};
			};
			buildConfigurationList = 843476FF2AFEEB06003BFE77 /* Build configuration list for PBXProject "MyStuff" */;
			compatibilityVersion = "Xcode 14.0";
			developmentRegion = en;
			hasScannedForEncodings = 0;
			knownRegions = (
				en,
				Base,
			);
			mainGroup = 843476FB2AFEEB06003BFE77;
			productRefGroup = 843477052AFEEB06003BFE77 /* Products */;
			projectDirPath = "";
			projectRoot = "";
			targets = (
				843477032AFEEB06003BFE77 /* MyStuff */,
				843477152AFEEB07003BFE77 /* MyStuffTests */,
				8434771F2AFEEB07003BFE77 /* MyStuffUITests */,
			);
		};
/* End PBXProject section */

/* Begin PBXResourcesBuildPhase section */
		843477022AFEEB06003BFE77 /* Resources */ = {
			isa = PBXResourcesBuildPhase;
			buildActionMask = 2147483647;
			files = (
				843477112AFEEB07003BFE77 /* Preview Assets.xcassets in Resources */,
				8434770E2AFEEB07003BFE77 /* Assets.xcassets in Resources */,
			);
			runOnlyForDeploymentPostprocessing = 0;
		};
		843477142AFEEB07003BFE77 /* Resources */ = {
			isa = PBXResourcesBuildPhase;
			buildActionMask = 2147483647;
			files = (
			);
			runOnlyForDeploymentPostprocessing = 0;
		};
		8434771E2AFEEB07003BFE77 /* Resources */ = {
			isa = PBXResourcesBuildPhase;
			buildActionMask = 2147483647;
			files = (
			);
			runOnlyForDeploymentPostprocessing = 0;
		};
/* End PBXResourcesBuildPhase section */

/* Begin PBXSourcesBuildPhase section */
		843477002AFEEB06003BFE77 /* Sources */ = {
			isa = PBXSourcesBuildPhase;
			buildActionMask = 2147483647;
			files = (
				8434770A2AFEEB06003BFE77 /* ContentView.swift in Sources */,
				8434770C2AFEEB06003BFE77 /* Item.swift in Sources */,
				843477082AFEEB06003BFE77 /* MyStuffApp.swift in Sources */,
			);
			runOnlyForDeploymentPostprocessing = 0;
		};
		843477122AFEEB07003BFE77 /* Sources */ = {
			isa = PBXSourcesBuildPhase;
			buildActionMask = 2147483647;
			files = (
				8434771B2AFEEB07003BFE77 /* MyStuffTests.swift in Sources */,
			);
			runOnlyForDeploymentPostprocessing = 0;
		};
		8434771C2AFEEB07003BFE77 /* Sources */ = {
			isa = PBXSourcesBuildPhase;
			buildActionMask = 2147483647;
			files = (
				843477252AFEEB07003BFE77 /* MyStuffUITests.swift in Sources */,
				843477272AFEEB07003BFE77 /* MyStuffUITestsLaunchTests.swift in Sources */,
			);
			runOnlyForDeploymentPostprocessing = 0;
		};
/* End PBXSourcesBuildPhase section */

/* Begin PBXTargetDependency section */
		843477182AFEEB07003BFE77 /* PBXTargetDependency */ = {
			isa = PBXTargetDependency;
			target = 843477032AFEEB06003BFE77 /* MyStuff */;
			targetProxy = 843477172AFEEB07003BFE77 /* PBXContainerItemProxy */;
		};
		843477222AFEEB07003BFE77 /* PBXTargetDependency */ = {
			isa = PBXTargetDependency;
			target = 843477032AFEEB06003BFE77 /* MyStuff */;
			targetProxy = 843477212AFEEB07003BFE77 /* PBXContainerItemProxy */;
		};
/* End PBXTargetDependency section */

/* Begin XCBuildConfiguration section */
		843477282AFEEB07003BFE77 /* Debug */ = {
			isa = XCBuildConfiguration;
			buildSettings = {
				ALWAYS_SEARCH_USER_PATHS = NO;
				ASSETCATALOG_COMPILER_GENERATE_SWIFT_ASSET_SYMBOL_EXTENSIONS = YES;
				CLANG_ANALYZER_NONNULL = YES;
				CLANG_ANALYZER_NUMBER_OBJECT_CONVERSION = YES_AGGRESSIVE;
				CLANG_CXX_LANGUAGE_STANDARD = "gnu++20";
				CLANG_ENABLE_MODULES = YES;
				CLANG_ENABLE_OBJC_ARC = YES;
				CLANG_ENABLE_OBJC_WEAK = YES;
				CLANG_WARN_BLOCK_CAPTURE_AUTORELEASING = YES;
				CLANG_WARN_BOOL_CONVERSION = YES;
				CLANG_WARN_COMMA = YES;
				CLANG_WARN_CONSTANT_CONVERSION = YES;
				CLANG_WARN_DEPRECATED_OBJC_IMPLEMENTATIONS = YES;
				CLANG_WARN_DIRECT_OBJC_ISA_USAGE = YES_ERROR;
				CLANG_WARN_DOCUMENTATION_COMMENTS = YES;
				CLANG_WARN_EMPTY_BODY = YES;
				CLANG_WARN_ENUM_CONVERSION = YES;
				CLANG_WARN_INFINITE_RECURSION = YES;
				CLANG_WARN_INT_CONVERSION = YES;
				CLANG_WARN_NON_LITERAL_NULL_CONVERSION = YES;
				CLANG_WARN_OBJC_IMPLICIT_RETAIN_SELF = YES;
				CLANG_WARN_OBJC_LITERAL_CONVERSION = YES;
				CLANG_WARN_OBJC_ROOT_CLASS = YES_ERROR;
				CLANG_WARN_QUOTED_INCLUDE_IN_FRAMEWORK_HEADER = YES;
				CLANG_WARN_RANGE_LOOP_ANALYSIS = YES;
				CLANG_WARN_STRICT_PROTOTYPES = YES;
				CLANG_WARN_SUSPICIOUS_MOVE = YES;
				CLANG_WARN_UNGUARDED_AVAILABILITY = YES_AGGRESSIVE;
				CLANG_WARN_UNREACHABLE_CODE = YES;
				CLANG_WARN__DUPLICATE_METHOD_MATCH = YES;
				COPY_PHASE_STRIP = NO;
				DEBUG_INFORMATION_FORMAT = dwarf;
				ENABLE_STRICT_OBJC_MSGSEND = YES;
				ENABLE_TESTABILITY = YES;
				ENABLE_USER_SCRIPT_SANDBOXING = YES;
				GCC_C_LANGUAGE_STANDARD = gnu17;
				GCC_DYNAMIC_NO_PIC = NO;
				GCC_NO_COMMON_BLOCKS = YES;
				GCC_OPTIMIZATION_LEVEL = 0;
				GCC_PREPROCESSOR_DEFINITIONS = (
					"DEBUG=1",
					"$(inherited)",
				);
				GCC_WARN_64_TO_32_BIT_CONVERSION = YES;
				GCC_WARN_ABOUT_RETURN_TYPE = YES_ERROR;
				GCC_WARN_UNDECLARED_SELECTOR = YES;
				GCC_WARN_UNINITIALIZED_AUTOS = YES_AGGRESSIVE;
				GCC_WARN_UNUSED_FUNCTION = YES;
				GCC_WARN_UNUSED_VARIABLE = YES;
				IPHONEOS_DEPLOYMENT_TARGET = 16.1;
				LOCALIZATION_PREFERS_STRING_CATALOGS = YES;
				MTL_ENABLE_DEBUG_INFO = INCLUDE_SOURCE;
				MTL_FAST_MATH = YES;
				ONLY_ACTIVE_ARCH = YES;
				SDKROOT = iphoneos;
				SWIFT_ACTIVE_COMPILATION_CONDITIONS = "DEBUG $(inherited)";
				SWIFT_OPTIMIZATION_LEVEL = "-Onone";
			};
			name = Debug;
		};
		843477292AFEEB07003BFE77 /* Release */ = {
			isa = XCBuildConfiguration;
			buildSettings = {
				ALWAYS_SEARCH_USER_PATHS = NO;
				ASSETCATALOG_COMPILER_GENERATE_SWIFT_ASSET_SYMBOL_EXTENSIONS = YES;
				CLANG_ANALYZER_NONNULL = YES;
				CLANG_ANALYZER_NUMBER_OBJECT_CONVERSION = YES_AGGRESSIVE;
				CLANG_CXX_LANGUAGE_STANDARD = "gnu++20";
				CLANG_ENABLE_MODULES = YES;
				CLANG_ENABLE_OBJC_ARC = YES;
				CLANG_ENABLE_OBJC_WEAK = YES;
				CLANG_WARN_BLOCK_CAPTURE_AUTORELEASING = YES;
				CLANG_WARN_BOOL_CONVERSION = YES;
				CLANG_WARN_COMMA = YES;
				CLANG_WARN_CONSTANT_CONVERSION = YES;
				CLANG_WARN_DEPRECATED_OBJC_IMPLEMENTATIONS = YES;
				CLANG_WARN_DIRECT_OBJC_ISA_USAGE = YES_ERROR;
				CLANG_WARN_DOCUMENTATION_COMMENTS = YES;
				CLANG_WARN_EMPTY_BODY = YES;
				CLANG_WARN_ENUM_CONVERSION = YES;
				CLANG_WARN_INFINITE_RECURSION = YES;
				CLANG_WARN_INT_CONVERSION = YES;
				CLANG_WARN_NON_LITERAL_NULL_CONVERSION = YES;
				CLANG_WARN_OBJC_IMPLICIT_RETAIN_SELF = YES;
				CLANG_WARN_OBJC_LITERAL_CONVERSION = YES;
				CLANG_WARN_OBJC_ROOT_CLASS = YES_ERROR;
				CLANG_WARN_QUOTED_INCLUDE_IN_FRAMEWORK_HEADER = YES;
				CLANG_WARN_RANGE_LOOP_ANALYSIS = YES;
				CLANG_WARN_STRICT_PROTOTYPES = YES;
				CLANG_WARN_SUSPICIOUS_MOVE = YES;
				CLANG_WARN_UNGUARDED_AVAILABILITY = YES_AGGRESSIVE;
				CLANG_WARN_UNREACHABLE_CODE = YES;
				CLANG_WARN__DUPLICATE_METHOD_MATCH = YES;
				COPY_PHASE_STRIP = NO;
				DEBUG_INFORMATION_FORMAT = "dwarf-with-dsym";
				ENABLE_NS_ASSERTIONS = NO;
				ENABLE_STRICT_OBJC_MSGSEND = YES;
				ENABLE_USER_SCRIPT_SANDBOXING = YES;
				GCC_C_LANGUAGE_STANDARD = gnu17;
				GCC_NO_COMMON_BLOCKS = YES;
				GCC_WARN_64_TO_32_BIT_CONVERSION = YES;
				GCC_WARN_ABOUT_RETURN_TYPE = YES_ERROR;
				GCC_WARN_UNDECLARED_SELECTOR = YES;
				GCC_WARN_UNINITIALIZED_AUTOS = YES_AGGRESSIVE;
				GCC_WARN_UNUSED_FUNCTION = YES;
				GCC_WARN_UNUSED_VARIABLE = YES;
				IPHONEOS_DEPLOYMENT_TARGET = 16.1;
				LOCALIZATION_PREFERS_STRING_CATALOGS = YES;
				MTL_ENABLE_DEBUG_INFO = NO;
				MTL_FAST_MATH = YES;
				SDKROOT = iphoneos;
				SWIFT_COMPILATION_MODE = wholemodule;
				VALIDATE_PRODUCT = YES;
			};
			name = Release;
		};
		8434772B2AFEEB07003BFE77 /* Debug */ = {
			isa = XCBuildConfiguration;
			buildSettings = {
				ASSETCATALOG_COMPILER_APPICON_NAME = AppIcon;
				ASSETCATALOG_COMPILER_GLOBAL_ACCENT_COLOR_NAME = AccentColor;
				CODE_SIGN_STYLE = Automatic;
				CURRENT_PROJECT_VERSION = 1;
				DEVELOPMENT_ASSET_PATHS = "\"MyStuff/Preview Content\"";
				DEVELOPMENT_TEAM = MN9S7VRA47;
				ENABLE_PREVIEWS = YES;
				GENERATE_INFOPLIST_FILE = YES;
				INFOPLIST_KEY_LSApplicationCategoryType = "public.app-category.utilities";
				INFOPLIST_KEY_UIApplicationSceneManifest_Generation = YES;
				INFOPLIST_KEY_UIApplicationSupportsIndirectInputEvents = YES;
				INFOPLIST_KEY_UILaunchScreen_Generation = YES;
				INFOPLIST_KEY_UISupportedInterfaceOrientations_iPad = "UIInterfaceOrientationPortrait UIInterfaceOrientationPortraitUpsideDown UIInterfaceOrientationLandscapeLeft UIInterfaceOrientationLandscapeRight";
				INFOPLIST_KEY_UISupportedInterfaceOrientations_iPhone = "UIInterfaceOrientationPortrait UIInterfaceOrientationLandscapeLeft UIInterfaceOrientationLandscapeRight";
				IPHONEOS_DEPLOYMENT_TARGET = 17.0;
				LD_RUNPATH_SEARCH_PATHS = (
					"$(inherited)",
					"@executable_path/Frameworks",
				);
				MARKETING_VERSION = 1.0;
				PRODUCT_BUNDLE_IDENTIFIER = ca.tactec.MyStuff;
				PRODUCT_NAME = "$(TARGET_NAME)";
				SWIFT_EMIT_LOC_STRINGS = YES;
				SWIFT_VERSION = 5.0;
				TARGETED_DEVICE_FAMILY = "1,2";
			};
			name = Debug;
		};
		8434772C2AFEEB07003BFE77 /* Release */ = {
			isa = XCBuildConfiguration;
			buildSettings = {
				ASSETCATALOG_COMPILER_APPICON_NAME = AppIcon;
				ASSETCATALOG_COMPILER_GLOBAL_ACCENT_COLOR_NAME = AccentColor;
				CODE_SIGN_STYLE = Automatic;
				CURRENT_PROJECT_VERSION = 1;
				DEVELOPMENT_ASSET_PATHS = "\"MyStuff/Preview Content\"";
				DEVELOPMENT_TEAM = MN9S7VRA47;
				ENABLE_PREVIEWS = YES;
				GENERATE_INFOPLIST_FILE = YES;
				INFOPLIST_KEY_LSApplicationCategoryType = "public.app-category.utilities";
				INFOPLIST_KEY_UIApplicationSceneManifest_Generation = YES;
				INFOPLIST_KEY_UIApplicationSupportsIndirectInputEvents = YES;
				INFOPLIST_KEY_UILaunchScreen_Generation = YES;
				INFOPLIST_KEY_UISupportedInterfaceOrientations_iPad = "UIInterfaceOrientationPortrait UIInterfaceOrientationPortraitUpsideDown UIInterfaceOrientationLandscapeLeft UIInterfaceOrientationLandscapeRight";
				INFOPLIST_KEY_UISupportedInterfaceOrientations_iPhone = "UIInterfaceOrientationPortrait UIInterfaceOrientationLandscapeLeft UIInterfaceOrientationLandscapeRight";
				IPHONEOS_DEPLOYMENT_TARGET = 17.0;
				LD_RUNPATH_SEARCH_PATHS = (
					"$(inherited)",
					"@executable_path/Frameworks",
				);
				MARKETING_VERSION = 1.0;
				PRODUCT_BUNDLE_IDENTIFIER = ca.tactec.MyStuff;
				PRODUCT_NAME = "$(TARGET_NAME)";
				SWIFT_EMIT_LOC_STRINGS = YES;
				SWIFT_VERSION = 5.0;
				TARGETED_DEVICE_FAMILY = "1,2";
			};
			name = Release;
		};
		8434772E2AFEEB07003BFE77 /* Debug */ = {
			isa = XCBuildConfiguration;
			buildSettings = {
				ALWAYS_EMBED_SWIFT_STANDARD_LIBRARIES = YES;
				BUNDLE_LOADER = "$(TEST_HOST)";
				CODE_SIGN_STYLE = Automatic;
				CURRENT_PROJECT_VERSION = 1;
				DEVELOPMENT_TEAM = MN9S7VRA47;
				GENERATE_INFOPLIST_FILE = YES;
				IPHONEOS_DEPLOYMENT_TARGET = 17.0;
				MARKETING_VERSION = 1.0;
				PRODUCT_BUNDLE_IDENTIFIER = ca.tactec.MyStuffTests;
				PRODUCT_NAME = "$(TARGET_NAME)";
				SWIFT_EMIT_LOC_STRINGS = NO;
				SWIFT_VERSION = 5.0;
				TARGETED_DEVICE_FAMILY = "1,2";
				TEST_HOST = "$(BUILT_PRODUCTS_DIR)/MyStuff.app/$(BUNDLE_EXECUTABLE_FOLDER_PATH)/MyStuff";
			};
			name = Debug;
		};
		8434772F2AFEEB07003BFE77 /* Release */ = {
			isa = XCBuildConfiguration;
			buildSettings = {
				ALWAYS_EMBED_SWIFT_STANDARD_LIBRARIES = YES;
				BUNDLE_LOADER = "$(TEST_HOST)";
				CODE_SIGN_STYLE = Automatic;
				CURRENT_PROJECT_VERSION = 1;
				DEVELOPMENT_TEAM = MN9S7VRA47;
				GENERATE_INFOPLIST_FILE = YES;
				IPHONEOS_DEPLOYMENT_TARGET = 17.0;
				MARKETING_VERSION = 1.0;
				PRODUCT_BUNDLE_IDENTIFIER = ca.tactec.MyStuffTests;
				PRODUCT_NAME = "$(TARGET_NAME)";
				SWIFT_EMIT_LOC_STRINGS = NO;
				SWIFT_VERSION = 5.0;
				TARGETED_DEVICE_FAMILY = "1,2";
				TEST_HOST = "$(BUILT_PRODUCTS_DIR)/MyStuff.app/$(BUNDLE_EXECUTABLE_FOLDER_PATH)/MyStuff";
			};
			name = Release;
		};
		843477312AFEEB07003BFE77 /* Debug */ = {
			isa = XCBuildConfiguration;
			buildSettings = {
				ALWAYS_EMBED_SWIFT_STANDARD_LIBRARIES = YES;
				CODE_SIGN_STYLE = Automatic;
				CURRENT_PROJECT_VERSION = 1;
				DEVELOPMENT_TEAM = MN9S7VRA47;
				GENERATE_INFOPLIST_FILE = YES;
				MARKETING_VERSION = 1.0;
				PRODUCT_BUNDLE_IDENTIFIER = ca.tactec.MyStuffUITests;
				PRODUCT_NAME = "$(TARGET_NAME)";
				SWIFT_EMIT_LOC_STRINGS = NO;
				SWIFT_VERSION = 5.0;
				TARGETED_DEVICE_FAMILY = "1,2";
				TEST_TARGET_NAME = MyStuff;
			};
			name = Debug;
		};
		843477322AFEEB07003BFE77 /* Release */ = {
			isa = XCBuildConfiguration;
			buildSettings = {
				ALWAYS_EMBED_SWIFT_STANDARD_LIBRARIES = YES;
				CODE_SIGN_STYLE = Automatic;
				CURRENT_PROJECT_VERSION = 1;
				DEVELOPMENT_TEAM = MN9S7VRA47;
				GENERATE_INFOPLIST_FILE = YES;
				MARKETING_VERSION = 1.0;
				PRODUCT_BUNDLE_IDENTIFIER = ca.tactec.MyStuffUITests;
				PRODUCT_NAME = "$(TARGET_NAME)";
				SWIFT_EMIT_LOC_STRINGS = NO;
				SWIFT_VERSION = 5.0;
				TARGETED_DEVICE_FAMILY = "1,2";
				TEST_TARGET_NAME = MyStuff;
			};
			name = Release;
		};
/* End XCBuildConfiguration section */

/* Begin XCConfigurationList section */
		843476FF2AFEEB06003BFE77 /* Build configuration list for PBXProject "MyStuff" */ = {
			isa = XCConfigurationList;
			buildConfigurations = (
				843477282AFEEB07003BFE77 /* Debug */,
				843477292AFEEB07003BFE77 /* Release */,
			);
			defaultConfigurationIsVisible = 0;
			defaultConfigurationName = Release;
		};
		8434772A2AFEEB07003BFE77 /* Build configuration list for PBXNativeTarget "MyStuff" */ = {
			isa = XCConfigurationList;
			buildConfigurations = (
				8434772B2AFEEB07003BFE77 /* Debug */,
				8434772C2AFEEB07003BFE77 /* Release */,
			);
			defaultConfigurationIsVisible = 0;
			defaultConfigurationName = Release;
		};
		8434772D2AFEEB07003BFE77 /* Build configuration list for PBXNativeTarget "MyStuffTests" */ = {
			isa = XCConfigurationList;
			buildConfigurations = (
				8434772E2AFEEB07003BFE77 /* Debug */,
				8434772F2AFEEB07003BFE77 /* Release */,
			);
			defaultConfigurationIsVisible = 0;
			defaultConfigurationName = Release;
		};
		843477302AFEEB07003BFE77 /* Build configuration list for PBXNativeTarget "MyStuffUITests" */ = {
			isa = XCConfigurationList;
			buildConfigurations = (
				843477312AFEEB07003BFE77 /* Debug */,
				843477322AFEEB07003BFE77 /* Release */,
			);
			defaultConfigurationIsVisible = 0;
			defaultConfigurationName = Release;
		};
/* End XCConfigurationList section */
	};
	rootObject = 843476FC2AFEEB06003BFE77 /* Project object */;
}
